{
  "name": "nfc-connect",
  "version": "1.0.0",
  "lockfileVersion": 1,
  "requires": true,
  "dependencies": {
    "@datadog/browser-core": {
      "version": "5.29.1",
      "resolved": "https://registry.npmjs.org/@datadog/browser-core/-/browser-core-5.29.1.tgz",
      "integrity": "sha512-7GLo2A94XBgnIEc9wQe6aT69e5+s15hg2p+24gczYvnr9xVXV2dLzJkhMMM3iwJTErJuOpC8A1e8s/evgj63KA=="
    },
    "@datadog/browser-rum": {
      "version": "5.29.1",
      "resolved": "https://registry.npmjs.org/@datadog/browser-rum/-/browser-rum-5.29.1.tgz",
      "integrity": "sha512-tqEUaClFNv2Ka/e34pSZ7E9rROz9aK9Y88hCaCRKFpd1DanaNRREtpmmDUqPR6v8Hry48NQ0m9l3PcbjEuVS9g==",
      "requires": {
        "@datadog/browser-core": "5.29.1",
        "@datadog/browser-rum-core": "5.29.1"
      }
    },
    "@datadog/browser-rum-core": {
      "version": "5.29.1",
      "resolved": "https://registry.npmjs.org/@datadog/browser-rum-core/-/browser-rum-core-5.29.1.tgz",
      "integrity": "sha512-AOK52YpK6Hf+Lj3wINDk3LHNEzTO/g6zshnkdWE/3iJBDzmPGFWzcm/Y+uf55VFeU3V1GWujV5YFPuLnCsQwkA==",
      "requires": {
        "@datadog/browser-core": "5.29.1"
      }
    }
  }
}
